
Microsoft Visual Studio Solution File, Format Version 12.00
# Visual Studio Version 16
VisualStudioVersion = 16.0.31402.337
MinimumVisualStudioVersion = 10.0.40219.1
Project("{2150E333-8FDC-42A3-9474-1A3956D46DE8}") = "src", "src", "{7067061C-3492-4FD6-8565-02E262ADD361}"
EndProject
Project("{2150E333-8FDC-42A3-9474-1A3956D46DE8}") = "asynclocal", "asynclocal", "{37967A05-92CE-4B60-AEB9-F18C4300123B}"
EndProject
Project("{FAE04EC0-301F-11D3-BF4B-00C04F79EFBC}") = "ThreadStaticAndAsyncLocal", "src\asynclocal\ThreadStaticAndAsyncLocal\ThreadStaticAndAsyncLocal.csproj", "{7920D3DB-BA32-4235-B4C7-170E77294890}"
EndProject
Global
	GlobalSection(SolutionConfigurationPlatforms) = preSolution
		Debug|Any CPU = Debug|Any CPU
		Release|Any CPU = Release|Any CPU
	EndGlobalSection
	GlobalSection(ProjectConfigurationPlatforms) = postSolution
		{7920D3DB-BA32-4235-B4C7-170E77294890}.Debug|Any CPU.ActiveCfg = Debug|Any CPU
		{7920D3DB-BA32-4235-B4C7-170E77294890}.Debug|Any CPU.Build.0 = Debug|Any CPU
		{7920D3DB-BA32-4235-B4C7-170E77294890}.Release|Any CPU.ActiveCfg = Release|Any CPU
		{7920D3DB-BA32-4235-B4C7-170E77294890}.Release|Any CPU.Build.0 = Release|Any CPU
	EndGlobalSection
	GlobalSection(SolutionProperties) = preSolution
		HideSolutionNode = FALSE
	EndGlobalSection
	GlobalSection(NestedProjects) = preSolution
		{37967A05-92CE-4B60-AEB9-F18C4300123B} = {7067061C-3492-4FD6-8565-02E262ADD361}
		{7920D3DB-BA32-4235-B4C7-170E77294890} = {37967A05-92CE-4B60-AEB9-F18C4300123B}
	EndGlobalSection
	GlobalSection(ExtensibilityGlobals) = postSolution
		SolutionGuid = {87E18952-9F35-4C64-A895-9FF3F03079ED}
	EndGlobalSection
EndGlobal
